{
  "version": 4,
  "terraform_version": "1.5.7",
  "serial": 1,
  "lineage": "a4ce9274-ea2e-e394-3bf7-b23ffdd80b29",
  "outputs": {},
  "resources": [
    {
      "module": "module.folders",
      "mode": "managed",
      "type": "google_folder",
      "name": "my_folder",
      "provider": "provider[\"registry.terraform.io/hashicorp/google\"]",
      "instances": [
        {
          "schema_version": 0,
          "attributes": {
            "configured_capabilities": [],
            "create_time": "2026-03-18T22:56:08.916Z",
            "deletion_protection": true,
            "display_name": "Drashti-test-folder",
            "folder_id": "466225301728",
            "id": "folders/466225301728",
            "lifecycle_state": "ACTIVE",
            "management_project": "",
            "name": "folders/466225301728",
            "parent": "organizations/782275280059",
            "tags": null,
            "timeouts": null
          },
          "sensitive_attributes": [],
          "private": "eyJlMmJmYjczMC1lY2FhLTExZTYtOGY4OC0zNDM2M2JjN2M0YzAiOnsiY3JlYXRlIjoyNDAwMDAwMDAwMDAsImRlbGV0ZSI6MjQwMDAwMDAwMDAwLCJyZWFkIjoyNDAwMDAwMDAwMDAsInVwZGF0ZSI6MjQwMDAwMDAwMDAwfX0="
        }
      ]
    }
  ],
  "check_results": null
}
